
Microsoft Visual Studio Solution File, Format Version 12.00
# Visual Studio Version 17
VisualStudioVersion = 17.0.31903.59
MinimumVisualStudioVersion = 10.0.40219.1
Project("{2150E333-8FDC-42A3-9474-1A3956D46DE8}") = "src", "src", "{2EB523C9-5C7D-4711-8FD4-EBEFF270D689}"
EndProject
Project("{2150E333-8FDC-42A3-9474-1A3956D46DE8}") = "Building Blocks", "Building Blocks", "{D7C96CE5-50D3-4A43-B8B8-2B8CC76AC56A}"
EndProject
Project("{2150E333-8FDC-42A3-9474-1A3956D46DE8}") = "Services", "Services", "{2AA1A11A-16BA-4C20-B002-5AEE7912E5EA}"
EndProject
Project("{2150E333-8FDC-42A3-9474-1A3956D46DE8}") = "Web", "Web", "{092F0F1E-0542-4010-A6C6-410DD47258EA}"
EndProject
Project("{2150E333-8FDC-42A3-9474-1A3956D46DE8}") = "Identity", "Identity", "{E19E8C14-936D-4D98-83CC-C677117EAE96}"
EndProject
Project("{FAE04EC0-301F-11D3-BF4B-00C04F79EFBC}") = "NSE.Identity.API", "src\services\NSE.Identity.API\NSE.Identity.API.csproj", "{022B78AF-136E-40EE-8C74-3588B06AF408}"
EndProject
Project("{2150E333-8FDC-42A3-9474-1A3956D46DE8}") = "MVC", "MVC", "{418E5B87-6964-4E72-9807-47C7C2519A3E}"
EndProject
Project("{FAE04EC0-301F-11D3-BF4B-00C04F79EFBC}") = "NSE.WebApp.MVC", "src\web\NSE.WebApp.MVC\NSE.WebApp.MVC.csproj", "{B7807175-0E85-4D58-B6FD-7DB19609BBE1}"
EndProject
Project("{2150E333-8FDC-42A3-9474-1A3956D46DE8}") = "Core", "Core", "{0F7BAD14-676F-44D3-936A-DF3533FF625B}"
EndProject
Project("{FAE04EC0-301F-11D3-BF4B-00C04F79EFBC}") = "NSE.Core", "src\building blocks\NSE.Core\NSE.Core.csproj", "{4B5D0FB1-4D06-4BD8-9D3F-30A3C42C7F90}"
EndProject
Project("{2150E333-8FDC-42A3-9474-1A3956D46DE8}") = "Cart", "Cart", "{4BB3D9F9-493F-41DC-A4C1-FADC14022011}"
EndProject
Project("{2150E333-8FDC-42A3-9474-1A3956D46DE8}") = "Catalog", "Catalog", "{EC182EE3-7FFF-41BF-A64B-7C9DCEDCC62E}"
EndProject
Project("{2150E333-8FDC-42A3-9474-1A3956D46DE8}") = "Client", "Client", "{AABA0CE2-76B3-46E6-B7B1-EE6A774D1872}"
EndProject
Project("{2150E333-8FDC-42A3-9474-1A3956D46DE8}") = "Payment", "Payment", "{5C18F990-8634-4C1C-85A8-0A2D876FD18E}"
EndProject
Project("{2150E333-8FDC-42A3-9474-1A3956D46DE8}") = "Order", "Order", "{3588AEE5-2D08-4113-9EAA-67431E9855E6}"
EndProject
Project("{FAE04EC0-301F-11D3-BF4B-00C04F79EFBC}") = "NSE.Cart.API", "src\services\NSE.Cart.API\NSE.Cart.API.csproj", "{72E95380-ECDD-4C83-8B88-E46800D6BCFB}"
EndProject
Project("{FAE04EC0-301F-11D3-BF4B-00C04F79EFBC}") = "NSE.Catalog.API", "src\services\NSE.Catalog.API\NSE.Catalog.API.csproj", "{709BE5C9-E023-466B-973B-7E46027A5812}"
EndProject
Project("{FAE04EC0-301F-11D3-BF4B-00C04F79EFBC}") = "NSE.Client.API", "src\services\NSE.Client.API\NSE.Client.API.csproj", "{F0ACCC25-8F98-4311-9BB9-B2648FF7489C}"
EndProject
Project("{FAE04EC0-301F-11D3-BF4B-00C04F79EFBC}") = "NSE.Order.API", "src\services\NSE.Order.API\NSE.Order.API.csproj", "{2CCDE477-C82E-4A3B-BCB1-62A5ABBF1D64}"
EndProject
Project("{FAE04EC0-301F-11D3-BF4B-00C04F79EFBC}") = "NSE.Payment.API", "src\services\NSE.Payment.API\NSE.Payment.API.csproj", "{251CF187-0C30-40C2-9428-98899A26786E}"
EndProject
Global
	GlobalSection(SolutionConfigurationPlatforms) = preSolution
		Debug|Any CPU = Debug|Any CPU
		Release|Any CPU = Release|Any CPU
	EndGlobalSection
	GlobalSection(ProjectConfigurationPlatforms) = postSolution
		{022B78AF-136E-40EE-8C74-3588B06AF408}.Debug|Any CPU.ActiveCfg = Debug|Any CPU
		{022B78AF-136E-40EE-8C74-3588B06AF408}.Debug|Any CPU.Build.0 = Debug|Any CPU
		{022B78AF-136E-40EE-8C74-3588B06AF408}.Release|Any CPU.ActiveCfg = Release|Any CPU
		{022B78AF-136E-40EE-8C74-3588B06AF408}.Release|Any CPU.Build.0 = Release|Any CPU
		{B7807175-0E85-4D58-B6FD-7DB19609BBE1}.Debug|Any CPU.ActiveCfg = Debug|Any CPU
		{B7807175-0E85-4D58-B6FD-7DB19609BBE1}.Debug|Any CPU.Build.0 = Debug|Any CPU
		{B7807175-0E85-4D58-B6FD-7DB19609BBE1}.Release|Any CPU.ActiveCfg = Release|Any CPU
		{B7807175-0E85-4D58-B6FD-7DB19609BBE1}.Release|Any CPU.Build.0 = Release|Any CPU
		{4B5D0FB1-4D06-4BD8-9D3F-30A3C42C7F90}.Debug|Any CPU.ActiveCfg = Debug|Any CPU
		{4B5D0FB1-4D06-4BD8-9D3F-30A3C42C7F90}.Debug|Any CPU.Build.0 = Debug|Any CPU
		{4B5D0FB1-4D06-4BD8-9D3F-30A3C42C7F90}.Release|Any CPU.ActiveCfg = Release|Any CPU
		{4B5D0FB1-4D06-4BD8-9D3F-30A3C42C7F90}.Release|Any CPU.Build.0 = Release|Any CPU
		{72E95380-ECDD-4C83-8B88-E46800D6BCFB}.Debug|Any CPU.ActiveCfg = Debug|Any CPU
		{72E95380-ECDD-4C83-8B88-E46800D6BCFB}.Debug|Any CPU.Build.0 = Debug|Any CPU
		{72E95380-ECDD-4C83-8B88-E46800D6BCFB}.Release|Any CPU.ActiveCfg = Release|Any CPU
		{72E95380-ECDD-4C83-8B88-E46800D6BCFB}.Release|Any CPU.Build.0 = Release|Any CPU
		{709BE5C9-E023-466B-973B-7E46027A5812}.Debug|Any CPU.ActiveCfg = Debug|Any CPU
		{709BE5C9-E023-466B-973B-7E46027A5812}.Debug|Any CPU.Build.0 = Debug|Any CPU
		{709BE5C9-E023-466B-973B-7E46027A5812}.Release|Any CPU.ActiveCfg = Release|Any CPU
		{709BE5C9-E023-466B-973B-7E46027A5812}.Release|Any CPU.Build.0 = Release|Any CPU
		{F0ACCC25-8F98-4311-9BB9-B2648FF7489C}.Debug|Any CPU.ActiveCfg = Debug|Any CPU
		{F0ACCC25-8F98-4311-9BB9-B2648FF7489C}.Debug|Any CPU.Build.0 = Debug|Any CPU
		{F0ACCC25-8F98-4311-9BB9-B2648FF7489C}.Release|Any CPU.ActiveCfg = Release|Any CPU
		{F0ACCC25-8F98-4311-9BB9-B2648FF7489C}.Release|Any CPU.Build.0 = Release|Any CPU
		{2CCDE477-C82E-4A3B-BCB1-62A5ABBF1D64}.Debug|Any CPU.ActiveCfg = Debug|Any CPU
		{2CCDE477-C82E-4A3B-BCB1-62A5ABBF1D64}.Debug|Any CPU.Build.0 = Debug|Any CPU
		{2CCDE477-C82E-4A3B-BCB1-62A5ABBF1D64}.Release|Any CPU.ActiveCfg = Release|Any CPU
		{2CCDE477-C82E-4A3B-BCB1-62A5ABBF1D64}.Release|Any CPU.Build.0 = Release|Any CPU
		{251CF187-0C30-40C2-9428-98899A26786E}.Debug|Any CPU.ActiveCfg = Debug|Any CPU
		{251CF187-0C30-40C2-9428-98899A26786E}.Debug|Any CPU.Build.0 = Debug|Any CPU
		{251CF187-0C30-40C2-9428-98899A26786E}.Release|Any CPU.ActiveCfg = Release|Any CPU
		{251CF187-0C30-40C2-9428-98899A26786E}.Release|Any CPU.Build.0 = Release|Any CPU
	EndGlobalSection
	GlobalSection(SolutionProperties) = preSolution
		HideSolutionNode = FALSE
	EndGlobalSection
	GlobalSection(NestedProjects) = preSolution
		{D7C96CE5-50D3-4A43-B8B8-2B8CC76AC56A} = {2EB523C9-5C7D-4711-8FD4-EBEFF270D689}
		{2AA1A11A-16BA-4C20-B002-5AEE7912E5EA} = {2EB523C9-5C7D-4711-8FD4-EBEFF270D689}
		{092F0F1E-0542-4010-A6C6-410DD47258EA} = {2EB523C9-5C7D-4711-8FD4-EBEFF270D689}
		{E19E8C14-936D-4D98-83CC-C677117EAE96} = {2AA1A11A-16BA-4C20-B002-5AEE7912E5EA}
		{022B78AF-136E-40EE-8C74-3588B06AF408} = {E19E8C14-936D-4D98-83CC-C677117EAE96}
		{418E5B87-6964-4E72-9807-47C7C2519A3E} = {092F0F1E-0542-4010-A6C6-410DD47258EA}
		{B7807175-0E85-4D58-B6FD-7DB19609BBE1} = {418E5B87-6964-4E72-9807-47C7C2519A3E}
		{0F7BAD14-676F-44D3-936A-DF3533FF625B} = {D7C96CE5-50D3-4A43-B8B8-2B8CC76AC56A}
		{4B5D0FB1-4D06-4BD8-9D3F-30A3C42C7F90} = {0F7BAD14-676F-44D3-936A-DF3533FF625B}
		{4BB3D9F9-493F-41DC-A4C1-FADC14022011} = {2AA1A11A-16BA-4C20-B002-5AEE7912E5EA}
		{EC182EE3-7FFF-41BF-A64B-7C9DCEDCC62E} = {2AA1A11A-16BA-4C20-B002-5AEE7912E5EA}
		{AABA0CE2-76B3-46E6-B7B1-EE6A774D1872} = {2AA1A11A-16BA-4C20-B002-5AEE7912E5EA}
		{5C18F990-8634-4C1C-85A8-0A2D876FD18E} = {2AA1A11A-16BA-4C20-B002-5AEE7912E5EA}
		{3588AEE5-2D08-4113-9EAA-67431E9855E6} = {2AA1A11A-16BA-4C20-B002-5AEE7912E5EA}
		{72E95380-ECDD-4C83-8B88-E46800D6BCFB} = {4BB3D9F9-493F-41DC-A4C1-FADC14022011}
		{709BE5C9-E023-466B-973B-7E46027A5812} = {EC182EE3-7FFF-41BF-A64B-7C9DCEDCC62E}
		{F0ACCC25-8F98-4311-9BB9-B2648FF7489C} = {AABA0CE2-76B3-46E6-B7B1-EE6A774D1872}
		{2CCDE477-C82E-4A3B-BCB1-62A5ABBF1D64} = {3588AEE5-2D08-4113-9EAA-67431E9855E6}
		{251CF187-0C30-40C2-9428-98899A26786E} = {5C18F990-8634-4C1C-85A8-0A2D876FD18E}
	EndGlobalSection
	GlobalSection(ExtensibilityGlobals) = postSolution
		SolutionGuid = {3D072DAB-8C81-4F08-9843-D43685F4C7E6}
	EndGlobalSection
EndGlobal
